// !$*UTF8*$!
{
	archiveVersion = 1;
	classes = {
	};
	objectVersion = 50;
	objects = {

/* Begin PBXBuildFile section */
		1BBD4D0F23873E18006FAEAD /* AppDelegate.swift in Sources */ = {isa = PBXBuildFile; fileRef = 1BBD4D0E23873E18006FAEAD /* AppDelegate.swift */; };
		1BBD4D1123873E18006FAEAD /* SceneDelegate.swift in Sources */ = {isa = PBXBuildFile; fileRef = 1BBD4D1023873E18006FAEAD /* SceneDelegate.swift */; };
		1BBD4D1323873E18006FAEAD /* ViewController.swift in Sources */ = {isa = PBXBuildFile; fileRef = 1BBD4D1223873E18006FAEAD /* ViewController.swift */; };
		1BBD4D1623873E18006FAEAD /* Main.storyboard in Resources */ = {isa = PBXBuildFile; fileRef = 1BBD4D1423873E18006FAEAD /* Main.storyboard */; };
		1BBD4D1823873E1A006FAEAD /* Assets.xcassets in Resources */ = {isa = PBXBuildFile; fileRef = 1BBD4D1723873E1A006FAEAD /* Assets.xcassets */; };
		1BBD4D1B23873E1A006FAEAD /* LaunchScreen.storyboard in Resources */ = {isa = PBXBuildFile; fileRef = 1BBD4D1923873E1A006FAEAD /* LaunchScreen.storyboard */; };
/* End PBXBuildFile section */

/* Begin PBXFileReference section */
		1BBD4D0B23873E18006FAEAD /* BullEyes.app */ = {isa = PBXFileReference; explicitFileType = wrapper.application; includeInIndex = 0; path = BullEyes.app; sourceTree = BUILT_PRODUCTS_DIR; };
		1BBD4D0E23873E18006FAEAD /* AppDelegate.swift */ = {isa = PBXFileReference; lastKnownFileType = sourcecode.swift; path = AppDelegate.swift; sourceTree = "<group>"; };
		1BBD4D1023873E18006FAEAD /* SceneDelegate.swift */ = {isa = PBXFileReference; lastKnownFileType = sourcecode.swift; path = SceneDelegate.swift; sourceTree = "<group>"; };
		1BBD4D1223873E18006FAEAD /* ViewController.swift */ = {isa = PBXFileReference; lastKnownFileType = sourcecode.swift; path = ViewController.swift; sourceTree = "<group>"; };
		1BBD4D1523873E18006FAEAD /* Base */ = {isa = PBXFileReference; lastKnownFileType = file.storyboard; name = Base; path = Base.lproj/Main.storyboard; sourceTree = "<group>"; };
		1BBD4D1723873E1A006FAEAD /* Assets.xcassets */ = {isa = PBXFileReference; lastKnownFileType = folder.assetcatalog; path = Assets.xcassets; sourceTree = "<group>"; };
		1BBD4D1A23873E1A006FAEAD /* Base */ = {isa = PBXFileReference; lastKnownFileType = file.storyboard; name = Base; path = Base.lproj/LaunchScreen.storyboard; sourceTree = "<group>"; };
		1BBD4D1C23873E1A006FAEAD /* Info.plist */ = {isa = PBXFileReference; lastKnownFileType = text.plist.xml; path = Info.plist; sourceTree = "<group>"; };
/* End PBXFileReference section */

/* Begin PBXFrameworksBuildPhase section */
		1BBD4D0823873E18006FAEAD /* Frameworks */ = {
			isa = PBXFrameworksBuildPhase;
			buildActionMask = 2147483647;
			files = (
			);
			runOnlyForDeploymentPostprocessing = 0;
		};
/* End PBXFrameworksBuildPhase section */

/* Begin PBXGroup section */
		1BBD4D0223873E18006FAEAD = {
			isa = PBXGroup;
			children = (
				1BBD4D0D23873E18006FAEAD /* BullEyes */,
				1BBD4D0C23873E18006FAEAD /* Products */,
			);
			sourceTree = "<group>";
		};
		1BBD4D0C23873E18006FAEAD /* Products */ = {
			isa = PBXGroup;
			children = (
				1BBD4D0B23873E18006FAEAD /* BullEyes.app */,
			);
			name = Products;
			sourceTree = "<group>";
		};
		1BBD4D0D23873E18006FAEAD /* BullEyes */ = {
			isa = PBXGroup;
			children = (
				1BBD4D0E23873E18006FAEAD /* AppDelegate.swift */,
				1BBD4D1023873E18006FAEAD /* SceneDelegate.swift */,
				1BBD4D1223873E18006FAEAD /* ViewController.swift */,
				1BBD4D1423873E18006FAEAD /* Main.storyboard */,
				1BBD4D1723873E1A006FAEAD /* Assets.xcassets */,
				1BBD4D1923873E1A006FAEAD /* LaunchScreen.storyboard */,
				1BBD4D1C23873E1A006FAEAD /* Info.plist */,
			);
			path = BullEyes;
			sourceTree = "<group>";
		};
/* End PBXGroup section */

/* Begin PBXNativeTarget section */
		1BBD4D0A23873E18006FAEAD /* BullEyes */ = {
			isa = PBXNativeTarget;
			buildConfigurationList = 1BBD4D1F23873E1A006FAEAD /* Build configuration list for PBXNativeTarget "BullEyes" */;
			buildPhases = (
				1BBD4D0723873E18006FAEAD /* Sources */,
				1BBD4D0823873E18006FAEAD /* Frameworks */,
				1BBD4D0923873E18006FAEAD /* Resources */,
			);
			buildRules = (
			);
			dependencies = (
			);
			name = BullEyes;
			productName = BullEyes;
			productReference = 1BBD4D0B23873E18006FAEAD /* BullEyes.app */;
			productType = "com.apple.product-type.application";
		};
/* End PBXNativeTarget section */

/* Begin PBXProject section */
		1BBD4D0323873E18006FAEAD /* Project object */ = {
			isa = PBXProject;
			attributes = {
				LastSwiftUpdateCheck = 1120;
				LastUpgradeCheck = 1120;
				ORGANIZATIONNAME = "Vinh Le";
				TargetAttributes = {
					1BBD4D0A23873E18006FAEAD = {
						CreatedOnToolsVersion = 11.2;
					};
				};
			};
			buildConfigurationList = 1BBD4D0623873E18006FAEAD /* Build configuration list for PBXProject "BullEyes" */;
			compatibilityVersion = "Xcode 9.3";
			developmentRegion = en;
			hasScannedForEncodings = 0;
			knownRegions = (
				en,
				Base,
			);
			mainGroup = 1BBD4D0223873E18006FAEAD;
			productRefGroup = 1BBD4D0C23873E18006FAEAD /* Products */;
			projectDirPath = "";
			projectRoot = "";
			targets = (
				1BBD4D0A23873E18006FAEAD /* BullEyes */,
			);
		};
/* End PBXProject section */

/* Begin PBXResourcesBuildPhase section */
		1BBD4D0923873E18006FAEAD /* Resources */ = {
			isa = PBXResourcesBuildPhase;
			buildActionMask = 2147483647;
			files = (
				1BBD4D1B23873E1A006FAEAD /* LaunchScreen.storyboard in Resources */,
				1BBD4D1823873E1A006FAEAD /* Assets.xcassets in Resources */,
				1BBD4D1623873E18006FAEAD /* Main.storyboard in Resources */,
			);
			runOnlyForDeploymentPostprocessing = 0;
		};
/* End PBXResourcesBuildPhase section */

/* Begin PBXSourcesBuildPhase section */
		1BBD4D0723873E18006FAEAD /* Sources */ = {
			isa = PBXSourcesBuildPhase;
			buildActionMask = 2147483647;
			files = (
				1BBD4D1323873E18006FAEAD /* ViewController.swift in Sources */,
				1BBD4D0F23873E18006FAEAD /* AppDelegate.swift in Sources */,
				1BBD4D1123873E18006FAEAD /* SceneDelegate.swift in Sources */,
			);
			runOnlyForDeploymentPostprocessing = 0;
		};
/* End PBXSourcesBuildPhase section */

/* Begin PBXVariantGroup section */
		1BBD4D1423873E18006FAEAD /* Main.storyboard */ = {
			isa = PBXVariantGroup;
			children = (
				1BBD4D1523873E18006FAEAD /* Base */,
			);
			name = Main.storyboard;
			sourceTree = "<group>";
		};
		1BBD4D1923873E1A006FAEAD /* LaunchScreen.storyboard */ = {
			isa = PBXVariantGroup;
			children = (
				1BBD4D1A23873E1A006FAEAD /* Base */,
			);
			name = LaunchScreen.storyboard;
			sourceTree = "<group>";
		};
/* End PBXVariantGroup section */

/* Begin XCBuildConfiguration section */
		1BBD4D1D23873E1A006FAEAD /* Debug */ = {
			isa = XCBuildConfiguration;
			buildSettings = {
				ALWAYS_SEARCH_USER_PATHS = NO;
				CLANG_ANALYZER_NONNULL = YES;
				CLANG_ANALYZER_NUMBER_OBJECT_CONVERSION = YES_AGGRESSIVE;
				CLANG_CXX_LANGUAGE_STANDARD = "gnu++14";
				CLANG_CXX_LIBRARY = "libc++";
				CLANG_ENABLE_MODULES = YES;
				CLANG_ENABLE_OBJC_ARC = YES;
				CLANG_ENABLE_OBJC_WEAK = YES;
				CLANG_WARN_BLOCK_CAPTURE_AUTORELEASING = YES;
				CLANG_WARN_BOOL_CONVERSION = YES;
				CLANG_WARN_COMMA = YES;
				CLANG_WARN_CONSTANT_CONVERSION = YES;
				CLANG_WARN_DEPRECATED_OBJC_IMPLEMENTATIONS = YES;
				CLANG_WARN_DIRECT_OBJC_ISA_USAGE = YES_ERROR;
				CLANG_WARN_DOCUMENTATION_COMMENTS = YES;
				CLANG_WARN_EMPTY_BODY = YES;
				CLANG_WARN_ENUM_CONVERSION = YES;
				CLANG_WARN_INFINITE_RECURSION = YES;
				CLANG_WARN_INT_CONVERSION = YES;
				CLANG_WARN_NON_LITERAL_NULL_CONVERSION = YES;
				CLANG_WARN_OBJC_IMPLICIT_RETAIN_SELF = YES;
				CLANG_WARN_OBJC_LITERAL_CONVERSION = YES;
				CLANG_WARN_OBJC_ROOT_CLASS = YES_ERROR;
				CLANG_WARN_RANGE_LOOP_ANALYSIS = YES;
				CLANG_WARN_STRICT_PROTOTYPES = YES;
				CLANG_WARN_SUSPICIOUS_MOVE = YES;
				CLANG_WARN_UNGUARDED_AVAILABILITY = YES_AGGRESSIVE;
				CLANG_WARN_UNREACHABLE_CODE = YES;
				CLANG_WARN__DUPLICATE_METHOD_MATCH = YES;
				COPY_PHASE_STRIP = NO;
				DEBUG_INFORMATION_FORMAT = dwarf;
				ENABLE_STRICT_OBJC_MSGSEND = YES;
				ENABLE_TESTABILITY = YES;
				GCC_C_LANGUAGE_STANDARD = gnu11;
				GCC_DYNAMIC_NO_PIC = NO;
				GCC_NO_COMMON_BLOCKS = YES;
				GCC_OPTIMIZATION_LEVEL = 0;
				GCC_PREPROCESSOR_DEFINITIONS = (
					"DEBUG=1",
					"$(inherited)",
				);
				GCC_WARN_64_TO_32_BIT_CONVERSION = YES;
				GCC_WARN_ABOUT_RETURN_TYPE = YES_ERROR;
				GCC_WARN_UNDECLARED_SELECTOR = YES;
				GCC_WARN_UNINITIALIZED_AUTOS = YES_AGGRESSIVE;
				GCC_WARN_UNUSED_FUNCTION = YES;
				GCC_WARN_UNUSED_VARIABLE = YES;
				IPHONEOS_DEPLOYMENT_TARGET = 13.2;
				MTL_ENABLE_DEBUG_INFO = INCLUDE_SOURCE;
				MTL_FAST_MATH = YES;
				ONLY_ACTIVE_ARCH = YES;
				SDKROOT = iphoneos;
				SWIFT_ACTIVE_COMPILATION_CONDITIONS = DEBUG;
				SWIFT_OPTIMIZATION_LEVEL = "-Onone";
			};
			name = Debug;
		};
		1BBD4D1E23873E1A006FAEAD /* Release */ = {
			isa = XCBuildConfiguration;
			buildSettings = {
				ALWAYS_SEARCH_USER_PATHS = NO;
				CLANG_ANALYZER_NONNULL = YES;
				CLANG_ANALYZER_NUMBER_OBJECT_CONVERSION = YES_AGGRESSIVE;
				CLANG_CXX_LANGUAGE_STANDARD = "gnu++14";
				CLANG_CXX_LIBRARY = "libc++";
				CLANG_ENABLE_MODULES = YES;
				CLANG_ENABLE_OBJC_ARC = YES;
				CLANG_ENABLE_OBJC_WEAK = YES;
				CLANG_WARN_BLOCK_CAPTURE_AUTORELEASING = YES;
				CLANG_WARN_BOOL_CONVERSION = YES;
				CLANG_WARN_COMMA = YES;
				CLANG_WARN_CONSTANT_CONVERSION = YES;
				CLANG_WARN_DEPRECATED_OBJC_IMPLEMENTATIONS = YES;
				CLANG_WARN_DIRECT_OBJC_ISA_USAGE = YES_ERROR;
				CLANG_WARN_DOCUMENTATION_COMMENTS = YES;
				CLANG_WARN_EMPTY_BODY = YES;
				CLANG_WARN_ENUM_CONVERSION = YES;
				CLANG_WARN_INFINITE_RECURSION = YES;
				CLANG_WARN_INT_CONVERSION = YES;
				CLANG_WARN_NON_LITERAL_NULL_CONVERSION = YES;
				CLANG_WARN_OBJC_IMPLICIT_RETAIN_SELF = YES;
				CLANG_WARN_OBJC_LITERAL_CONVERSION = YES;
				CLANG_WARN_OBJC_ROOT_CLASS = YES_ERROR;
				CLANG_WARN_RANGE_LOOP_ANALYSIS = YES;
				CLANG_WARN_STRICT_PROTOTYPES = YES;
				CLANG_WARN_SUSPICIOUS_MOVE = YES;
				CLANG_WARN_UNGUARDED_AVAILABILITY = YES_AGGRESSIVE;
				CLANG_WARN_UNREACHABLE_CODE = YES;
				CLANG_WARN__DUPLICATE_METHOD_MATCH = YES;
				COPY_PHASE_STRIP = NO;
				DEBUG_INFORMATION_FORMAT = "dwarf-with-dsym";
				ENABLE_NS_ASSERTIONS = NO;
				ENABLE_STRICT_OBJC_MSGSEND = YES;
				GCC_C_LANGUAGE_STANDARD = gnu11;
				GCC_NO_COMMON_BLOCKS = YES;
				GCC_WARN_64_TO_32_BIT_CONVERSION = YES;
				GCC_WARN_ABOUT_RETURN_TYPE = YES_ERROR;
				GCC_WARN_UNDECLARED_SELECTOR = YES;
				GCC_WARN_UNINITIALIZED_AUTOS = YES_AGGRESSIVE;
				GCC_WARN_UNUSED_FUNCTION = YES;
				GCC_WARN_UNUSED_VARIABLE = YES;
				IPHONEOS_DEPLOYMENT_TARGET = 13.2;
				MTL_ENABLE_DEBUG_INFO = NO;
				MTL_FAST_MATH = YES;
				SDKROOT = iphoneos;
				SWIFT_COMPILATION_MODE = wholemodule;
				SWIFT_OPTIMIZATION_LEVEL = "-O";
				VALIDATE_PRODUCT = YES;
			};
			name = Release;
		};
		1BBD4D2023873E1A006FAEAD /* Debug */ = {
			isa = XCBuildConfiguration;
			buildSettings = {
				ASSETCATALOG_COMPILER_APPICON_NAME = AppIcon;
				CODE_SIGN_STYLE = Automatic;
				INFOPLIST_FILE = BullEyes/Info.plist;
				LD_RUNPATH_SEARCH_PATHS = (
					"$(inherited)",
					"@executable_path/Frameworks",
				);
				PRODUCT_BUNDLE_IDENTIFIER = vinhle95.BullEyes;
				PRODUCT_NAME = "$(TARGET_NAME)";
				SWIFT_VERSION = 5.0;
				TARGETED_DEVICE_FAMILY = "1,2";
			};
			name = Debug;
		};
		1BBD4D2123873E1A006FAEAD /* Release */ = {
			isa = XCBuildConfiguration;
			buildSettings = {
				ASSETCATALOG_COMPILER_APPICON_NAME = AppIcon;
				CODE_SIGN_STYLE = Automatic;
				INFOPLIST_FILE = BullEyes/Info.plist;
				LD_RUNPATH_SEARCH_PATHS = (
					"$(inherited)",
					"@executable_path/Frameworks",
				);
				PRODUCT_BUNDLE_IDENTIFIER = vinhle95.BullEyes;
				PRODUCT_NAME = "$(TARGET_NAME)";
				SWIFT_VERSION = 5.0;
				TARGETED_DEVICE_FAMILY = "1,2";
			};
			name = Release;
		};
/* End XCBuildConfiguration section */

/* Begin XCConfigurationList section */
		1BBD4D0623873E18006FAEAD /* Build configuration list for PBXProject "BullEyes" */ = {
			isa = XCConfigurationList;
			buildConfigurations = (
				1BBD4D1D23873E1A006FAEAD /* Debug */,
				1BBD4D1E23873E1A006FAEAD /* Release */,
			);
			defaultConfigurationIsVisible = 0;
			defaultConfigurationName = Release;
		};
		1BBD4D1F23873E1A006FAEAD /* Build configuration list for PBXNativeTarget "BullEyes" */ = {
			isa = XCConfigurationList;
			buildConfigurations = (
				1BBD4D2023873E1A006FAEAD /* Debug */,
				1BBD4D2123873E1A006FAEAD /* Release */,
			);
			defaultConfigurationIsVisible = 0;
			defaultConfigurationName = Release;
		};
/* End XCConfigurationList section */
	};
	rootObject = 1BBD4D0323873E18006FAEAD /* Project object */;
}
